
Microsoft Visual Studio Solution File, Format Version 12.00
# Visual Studio 15
VisualStudioVersion = 15.0.28307.329
MinimumVisualStudioVersion = 10.0.40219.1
Project("{FAE04EC0-301F-11D3-BF4B-00C04F79EFBC}") = "Page129", "Page129\Page129.csproj", "{93610E0D-933A-4772-8DFA-4FA7B61DC3E7}"
EndProject
Global
	GlobalSection(SolutionConfigurationPlatforms) = preSolution
		Debug|Any CPU = Debug|Any CPU
		Release|Any CPU = Release|Any CPU
	EndGlobalSection
	GlobalSection(ProjectConfigurationPlatforms) = postSolution
		{93610E0D-933A-4772-8DFA-4FA7B61DC3E7}.Debug|Any CPU.ActiveCfg = Debug|Any CPU
		{93610E0D-933A-4772-8DFA-4FA7B61DC3E7}.Debug|Any CPU.Build.0 = Debug|Any CPU
		{93610E0D-933A-4772-8DFA-4FA7B61DC3E7}.Release|Any CPU.ActiveCfg = Release|Any CPU
		{93610E0D-933A-4772-8DFA-4FA7B61DC3E7}.Release|Any CPU.Build.0 = Release|Any CPU
	EndGlobalSection
	GlobalSection(SolutionProperties) = preSolution
		HideSolutionNode = FALSE
	EndGlobalSection
	GlobalSection(ExtensibilityGlobals) = postSolution
		SolutionGuid = {E69A234F-B075-4817-B814-9B69F660221F}
	EndGlobalSection
EndGlobal
