
Microsoft Visual Studio Solution File, Format Version 12.00
# Visual Studio 15
VisualStudioVersion = 15.0.28307.329
MinimumVisualStudioVersion = 10.0.40219.1
Project("{FAE04EC0-301F-11D3-BF4B-00C04F79EFBC}") = "Page113", "Page113\Page113.csproj", "{392B2921-CF76-48A4-9D04-3A156D6D630F}"
EndProject
Global
	GlobalSection(SolutionConfigurationPlatforms) = preSolution
		Debug|Any CPU = Debug|Any CPU
		Release|Any CPU = Release|Any CPU
	EndGlobalSection
	GlobalSection(ProjectConfigurationPlatforms) = postSolution
		{392B2921-CF76-48A4-9D04-3A156D6D630F}.Debug|Any CPU.ActiveCfg = Debug|Any CPU
		{392B2921-CF76-48A4-9D04-3A156D6D630F}.Debug|Any CPU.Build.0 = Debug|Any CPU
		{392B2921-CF76-48A4-9D04-3A156D6D630F}.Release|Any CPU.ActiveCfg = Release|Any CPU
		{392B2921-CF76-48A4-9D04-3A156D6D630F}.Release|Any CPU.Build.0 = Release|Any CPU
	EndGlobalSection
	GlobalSection(SolutionProperties) = preSolution
		HideSolutionNode = FALSE
	EndGlobalSection
	GlobalSection(ExtensibilityGlobals) = postSolution
		SolutionGuid = {BD067A20-ECC1-4EB3-A30B-9E741601ECC1}
	EndGlobalSection
EndGlobal
