
Microsoft Visual Studio Solution File, Format Version 12.00
# Visual Studio 15
VisualStudioVersion = 15.0.28307.329
MinimumVisualStudioVersion = 10.0.40219.1
Project("{FAE04EC0-301F-11D3-BF4B-00C04F79EFBC}") = "Page156", "Page156\Page156.csproj", "{645CE001-CB62-434C-9020-F76A3F148E16}"
EndProject
Global
	GlobalSection(SolutionConfigurationPlatforms) = preSolution
		Debug|Any CPU = Debug|Any CPU
		Release|Any CPU = Release|Any CPU
	EndGlobalSection
	GlobalSection(ProjectConfigurationPlatforms) = postSolution
		{645CE001-CB62-434C-9020-F76A3F148E16}.Debug|Any CPU.ActiveCfg = Debug|Any CPU
		{645CE001-CB62-434C-9020-F76A3F148E16}.Debug|Any CPU.Build.0 = Debug|Any CPU
		{645CE001-CB62-434C-9020-F76A3F148E16}.Release|Any CPU.ActiveCfg = Release|Any CPU
		{645CE001-CB62-434C-9020-F76A3F148E16}.Release|Any CPU.Build.0 = Release|Any CPU
	EndGlobalSection
	GlobalSection(SolutionProperties) = preSolution
		HideSolutionNode = FALSE
	EndGlobalSection
	GlobalSection(ExtensibilityGlobals) = postSolution
		SolutionGuid = {0838BFF4-0208-43FE-8752-A990324A17E6}
	EndGlobalSection
EndGlobal
