
Microsoft Visual Studio Solution File, Format Version 12.00
# Visual Studio 15
VisualStudioVersion = 15.0.28307.329
MinimumVisualStudioVersion = 10.0.40219.1
Project("{FAE04EC0-301F-11D3-BF4B-00C04F79EFBC}") = "Page126", "Page126\Page126.csproj", "{DC1E6FDE-2F9C-485A-B4BE-3D986F94B427}"
EndProject
Global
	GlobalSection(SolutionConfigurationPlatforms) = preSolution
		Debug|Any CPU = Debug|Any CPU
		Release|Any CPU = Release|Any CPU
	EndGlobalSection
	GlobalSection(ProjectConfigurationPlatforms) = postSolution
		{DC1E6FDE-2F9C-485A-B4BE-3D986F94B427}.Debug|Any CPU.ActiveCfg = Debug|Any CPU
		{DC1E6FDE-2F9C-485A-B4BE-3D986F94B427}.Debug|Any CPU.Build.0 = Debug|Any CPU
		{DC1E6FDE-2F9C-485A-B4BE-3D986F94B427}.Release|Any CPU.ActiveCfg = Release|Any CPU
		{DC1E6FDE-2F9C-485A-B4BE-3D986F94B427}.Release|Any CPU.Build.0 = Release|Any CPU
	EndGlobalSection
	GlobalSection(SolutionProperties) = preSolution
		HideSolutionNode = FALSE
	EndGlobalSection
	GlobalSection(ExtensibilityGlobals) = postSolution
		SolutionGuid = {F079A346-B966-41BA-A4C9-74FC59CC2B5D}
	EndGlobalSection
EndGlobal
